
Microsoft Visual Studio Solution File, Format Version 12.00
# Visual Studio Version 16
VisualStudioVersion = 16.0.31829.152
MinimumVisualStudioVersion = 10.0.40219.1
Project("{FAE04EC0-301F-11D3-BF4B-00C04F79EFBC}") = "WebApplication1", "WebApplication1\WebApplication1.csproj", "{A791C113-0530-4AE2-85CC-15CE9C4353E5}"
EndProject
Global
	GlobalSection(SolutionConfigurationPlatforms) = preSolution
		Debug|Any CPU = Debug|Any CPU
		Release|Any CPU = Release|Any CPU
	EndGlobalSection
	GlobalSection(ProjectConfigurationPlatforms) = postSolution
		{A791C113-0530-4AE2-85CC-15CE9C4353E5}.Debug|Any CPU.ActiveCfg = Debug|Any CPU
		{A791C113-0530-4AE2-85CC-15CE9C4353E5}.Debug|Any CPU.Build.0 = Debug|Any CPU
		{A791C113-0530-4AE2-85CC-15CE9C4353E5}.Release|Any CPU.ActiveCfg = Release|Any CPU
		{A791C113-0530-4AE2-85CC-15CE9C4353E5}.Release|Any CPU.Build.0 = Release|Any CPU
	EndGlobalSection
	GlobalSection(SolutionProperties) = preSolution
		HideSolutionNode = FALSE
	EndGlobalSection
	GlobalSection(ExtensibilityGlobals) = postSolution
		SolutionGuid = {FD6296BC-EF1A-4FE9-A94C-6D49FE7C2D34}
	EndGlobalSection
EndGlobal
